
Microsoft Visual Studio Solution File, Format Version 12.00
# Visual Studio 14
VisualStudioVersion = 14.0.25123.0
MinimumVisualStudioVersion = 10.0.40219.1
Project("{FAE04EC0-301F-11D3-BF4B-00C04F79EFBC}") = "Notificacion.BLL", "Notificacion.BLL\Notificacion.BLL.csproj", "{B6CCCC2C-0461-4BC7-9868-72373F27DF7A}"
EndProject
Project("{FAE04EC0-301F-11D3-BF4B-00C04F79EFBC}") = "Notificacion.TEST", "Notificacion.TEST\Notificacion.TEST.csproj", "{6D22158B-1AF9-4007-8796-B2FDF192B3D5}"
EndProject
Project("{FAE04EC0-301F-11D3-BF4B-00C04F79EFBC}") = "SUNInbox.WEB", "SUNInbox.WEB\SUNInbox.WEB.csproj", "{3DE6998E-976A-46A3-BB31-87D19DBC7783}"
EndProject
Global
	GlobalSection(SolutionConfigurationPlatforms) = preSolution
		Debug|Any CPU = Debug|Any CPU
		Release|Any CPU = Release|Any CPU
	EndGlobalSection
	GlobalSection(ProjectConfigurationPlatforms) = postSolution
		{B6CCCC2C-0461-4BC7-9868-72373F27DF7A}.Debug|Any CPU.ActiveCfg = Debug|Any CPU
		{B6CCCC2C-0461-4BC7-9868-72373F27DF7A}.Debug|Any CPU.Build.0 = Debug|Any CPU
		{B6CCCC2C-0461-4BC7-9868-72373F27DF7A}.Release|Any CPU.ActiveCfg = Release|Any CPU
		{B6CCCC2C-0461-4BC7-9868-72373F27DF7A}.Release|Any CPU.Build.0 = Release|Any CPU
		{6D22158B-1AF9-4007-8796-B2FDF192B3D5}.Debug|Any CPU.ActiveCfg = Debug|Any CPU
		{6D22158B-1AF9-4007-8796-B2FDF192B3D5}.Debug|Any CPU.Build.0 = Debug|Any CPU
		{6D22158B-1AF9-4007-8796-B2FDF192B3D5}.Release|Any CPU.ActiveCfg = Release|Any CPU
		{6D22158B-1AF9-4007-8796-B2FDF192B3D5}.Release|Any CPU.Build.0 = Release|Any CPU
		{3DE6998E-976A-46A3-BB31-87D19DBC7783}.Debug|Any CPU.ActiveCfg = Debug|Any CPU
		{3DE6998E-976A-46A3-BB31-87D19DBC7783}.Debug|Any CPU.Build.0 = Debug|Any CPU
		{3DE6998E-976A-46A3-BB31-87D19DBC7783}.Release|Any CPU.ActiveCfg = Release|Any CPU
		{3DE6998E-976A-46A3-BB31-87D19DBC7783}.Release|Any CPU.Build.0 = Release|Any CPU
	EndGlobalSection
	GlobalSection(SolutionProperties) = preSolution
		HideSolutionNode = FALSE
	EndGlobalSection
EndGlobal
